
Microsoft Visual Studio Solution File, Format Version 12.00
# Visual Studio Version 17
VisualStudioVersion = 17.13.36105.23
MinimumVisualStudioVersion = 10.0.40219.1
Project("{FAE04EC0-301F-11D3-BF4B-00C04F79EFBC}") = "hello-web-api-ui", "hello-web-api-ui\hello-web-api-ui.csproj", "{BB29AA6C-1328-45ED-A3C9-725658C00C6A}"
EndProject
Project("{FAE04EC0-301F-11D3-BF4B-00C04F79EFBC}") = "hello-web-api-cli", "hello-web-api-cli\hello-web-api-cli.csproj", "{9FED0FB9-9164-4601-82E6-1D271AD220C4}"
EndProject
Project("{FAE04EC0-301F-11D3-BF4B-00C04F79EFBC}") = "HelloWebApi", "HelloWebApi\HelloWebApi.csproj", "{09A79D8B-A0A8-432D-B098-06ECB810EDDF}"
EndProject
Global
	GlobalSection(SolutionConfigurationPlatforms) = preSolution
		Debug|Any CPU = Debug|Any CPU
		Debug|x64 = Debug|x64
		Debug|x86 = Debug|x86
		Release|Any CPU = Release|Any CPU
		Release|x64 = Release|x64
		Release|x86 = Release|x86
	EndGlobalSection
	GlobalSection(ProjectConfigurationPlatforms) = postSolution
		{BB29AA6C-1328-45ED-A3C9-725658C00C6A}.Debug|Any CPU.ActiveCfg = Debug|Any CPU
		{BB29AA6C-1328-45ED-A3C9-725658C00C6A}.Debug|Any CPU.Build.0 = Debug|Any CPU
		{BB29AA6C-1328-45ED-A3C9-725658C00C6A}.Debug|x64.ActiveCfg = Debug|Any CPU
		{BB29AA6C-1328-45ED-A3C9-725658C00C6A}.Debug|x64.Build.0 = Debug|Any CPU
		{BB29AA6C-1328-45ED-A3C9-725658C00C6A}.Debug|x86.ActiveCfg = Debug|Any CPU
		{BB29AA6C-1328-45ED-A3C9-725658C00C6A}.Debug|x86.Build.0 = Debug|Any CPU
		{BB29AA6C-1328-45ED-A3C9-725658C00C6A}.Release|Any CPU.ActiveCfg = Release|Any CPU
		{BB29AA6C-1328-45ED-A3C9-725658C00C6A}.Release|Any CPU.Build.0 = Release|Any CPU
		{BB29AA6C-1328-45ED-A3C9-725658C00C6A}.Release|x64.ActiveCfg = Release|Any CPU
		{BB29AA6C-1328-45ED-A3C9-725658C00C6A}.Release|x64.Build.0 = Release|Any CPU
		{BB29AA6C-1328-45ED-A3C9-725658C00C6A}.Release|x86.ActiveCfg = Release|Any CPU
		{BB29AA6C-1328-45ED-A3C9-725658C00C6A}.Release|x86.Build.0 = Release|Any CPU
		{9FED0FB9-9164-4601-82E6-1D271AD220C4}.Debug|Any CPU.ActiveCfg = Debug|Any CPU
		{9FED0FB9-9164-4601-82E6-1D271AD220C4}.Debug|Any CPU.Build.0 = Debug|Any CPU
		{9FED0FB9-9164-4601-82E6-1D271AD220C4}.Debug|x64.ActiveCfg = Debug|Any CPU
		{9FED0FB9-9164-4601-82E6-1D271AD220C4}.Debug|x64.Build.0 = Debug|Any CPU
		{9FED0FB9-9164-4601-82E6-1D271AD220C4}.Debug|x86.ActiveCfg = Debug|Any CPU
		{9FED0FB9-9164-4601-82E6-1D271AD220C4}.Debug|x86.Build.0 = Debug|Any CPU
		{9FED0FB9-9164-4601-82E6-1D271AD220C4}.Release|Any CPU.ActiveCfg = Release|Any CPU
		{9FED0FB9-9164-4601-82E6-1D271AD220C4}.Release|Any CPU.Build.0 = Release|Any CPU
		{9FED0FB9-9164-4601-82E6-1D271AD220C4}.Release|x64.ActiveCfg = Release|Any CPU
		{9FED0FB9-9164-4601-82E6-1D271AD220C4}.Release|x64.Build.0 = Release|Any CPU
		{9FED0FB9-9164-4601-82E6-1D271AD220C4}.Release|x86.ActiveCfg = Release|Any CPU
		{9FED0FB9-9164-4601-82E6-1D271AD220C4}.Release|x86.Build.0 = Release|Any CPU
		{09A79D8B-A0A8-432D-B098-06ECB810EDDF}.Debug|Any CPU.ActiveCfg = Debug|Any CPU
		{09A79D8B-A0A8-432D-B098-06ECB810EDDF}.Debug|Any CPU.Build.0 = Debug|Any CPU
		{09A79D8B-A0A8-432D-B098-06ECB810EDDF}.Debug|x64.ActiveCfg = Debug|Any CPU
		{09A79D8B-A0A8-432D-B098-06ECB810EDDF}.Debug|x64.Build.0 = Debug|Any CPU
		{09A79D8B-A0A8-432D-B098-06ECB810EDDF}.Debug|x86.ActiveCfg = Debug|Any CPU
		{09A79D8B-A0A8-432D-B098-06ECB810EDDF}.Debug|x86.Build.0 = Debug|Any CPU
		{09A79D8B-A0A8-432D-B098-06ECB810EDDF}.Release|Any CPU.ActiveCfg = Release|Any CPU
		{09A79D8B-A0A8-432D-B098-06ECB810EDDF}.Release|Any CPU.Build.0 = Release|Any CPU
		{09A79D8B-A0A8-432D-B098-06ECB810EDDF}.Release|x64.ActiveCfg = Release|Any CPU
		{09A79D8B-A0A8-432D-B098-06ECB810EDDF}.Release|x64.Build.0 = Release|Any CPU
		{09A79D8B-A0A8-432D-B098-06ECB810EDDF}.Release|x86.ActiveCfg = Release|Any CPU
		{09A79D8B-A0A8-432D-B098-06ECB810EDDF}.Release|x86.Build.0 = Release|Any CPU
	EndGlobalSection
	GlobalSection(SolutionProperties) = preSolution
		HideSolutionNode = FALSE
	EndGlobalSection
	GlobalSection(ExtensibilityGlobals) = postSolution
		SolutionGuid = {FF39C906-AABF-4D7D-864B-6E0B7EA7085C}
	EndGlobalSection
EndGlobal
